
Microsoft Visual Studio Solution File, Format Version 12.00
# Visual Studio 15
VisualStudioVersion = 15.0.28307.168
MinimumVisualStudioVersion = 10.0.40219.1
Project("{FAE04EC0-301F-11D3-BF4B-00C04F79EFBC}") = "CarRent", "CarRent\CarRent.csproj", "{18BC7D89-E876-44E9-A385-C6DFF81950F9}"
EndProject
Global
	GlobalSection(SolutionConfigurationPlatforms) = preSolution
		Debug|Any CPU = Debug|Any CPU
		Release|Any CPU = Release|Any CPU
	EndGlobalSection
	GlobalSection(ProjectConfigurationPlatforms) = postSolution
		{18BC7D89-E876-44E9-A385-C6DFF81950F9}.Debug|Any CPU.ActiveCfg = Debug|Any CPU
		{18BC7D89-E876-44E9-A385-C6DFF81950F9}.Debug|Any CPU.Build.0 = Debug|Any CPU
		{18BC7D89-E876-44E9-A385-C6DFF81950F9}.Release|Any CPU.ActiveCfg = Release|Any CPU
		{18BC7D89-E876-44E9-A385-C6DFF81950F9}.Release|Any CPU.Build.0 = Release|Any CPU
	EndGlobalSection
	GlobalSection(SolutionProperties) = preSolution
		HideSolutionNode = FALSE
	EndGlobalSection
	GlobalSection(ExtensibilityGlobals) = postSolution
		SolutionGuid = {104630D2-240C-4BA0-A76F-FCDE59A4CD6A}
	EndGlobalSection
EndGlobal
